
Microsoft Visual Studio Solution File, Format Version 12.00
# Visual Studio Version 17
VisualStudioVersion = 17.9.34622.214
MinimumVisualStudioVersion = 10.0.40219.1
Project("{FAE04EC0-301F-11D3-BF4B-00C04F79EFBC}") = "SORAPI", "SORAPI\SORAPI.csproj", "{14BE06B3-2AF0-4295-8A63-A2E469DE02A5}"
EndProject
Project("{9A19103F-16F7-4668-BE54-9A1E7A4F7556}") = "DAL", "DAL\DAL.csproj", "{805EEBE4-2CFB-42FB-B1ED-A4016599578C}"
EndProject
Global
	GlobalSection(SolutionConfigurationPlatforms) = preSolution
		Debug|Any CPU = Debug|Any CPU
		Release|Any CPU = Release|Any CPU
	EndGlobalSection
	GlobalSection(ProjectConfigurationPlatforms) = postSolution
		{14BE06B3-2AF0-4295-8A63-A2E469DE02A5}.Debug|Any CPU.ActiveCfg = Debug|Any CPU
		{14BE06B3-2AF0-4295-8A63-A2E469DE02A5}.Debug|Any CPU.Build.0 = Debug|Any CPU
		{14BE06B3-2AF0-4295-8A63-A2E469DE02A5}.Release|Any CPU.ActiveCfg = Release|Any CPU
		{14BE06B3-2AF0-4295-8A63-A2E469DE02A5}.Release|Any CPU.Build.0 = Release|Any CPU
		{805EEBE4-2CFB-42FB-B1ED-A4016599578C}.Debug|Any CPU.ActiveCfg = Debug|Any CPU
		{805EEBE4-2CFB-42FB-B1ED-A4016599578C}.Debug|Any CPU.Build.0 = Debug|Any CPU
		{805EEBE4-2CFB-42FB-B1ED-A4016599578C}.Release|Any CPU.ActiveCfg = Release|Any CPU
		{805EEBE4-2CFB-42FB-B1ED-A4016599578C}.Release|Any CPU.Build.0 = Release|Any CPU
	EndGlobalSection
	GlobalSection(SolutionProperties) = preSolution
		HideSolutionNode = FALSE
	EndGlobalSection
	GlobalSection(ExtensibilityGlobals) = postSolution
		SolutionGuid = {1D499E67-A6FD-4CCD-91A3-F84C42FAB054}
	EndGlobalSection
EndGlobal
